# This file was autogenerated by Stack.
# You should not edit this file by hand.
# For more information, please see the documentation at:
#   https://docs.haskellstack.org/en/stable/lock_files

packages:
- completed:
    hackage: ansi-terminal-1.0.2@sha256:1f90bb88e670ce63fbf2c9216d50857f2419582f1c6791e542c3eab97ecfd364,2897
    pantry-tree:
      sha256: d4405abe08cf99c47f2af8534346492a5679e17a19529667b3eeddad4c0f0149
      size: 1184
  original:
    hackage: ansi-terminal-1.0.2
- completed:
    hackage: ansi-terminal-types-0.11.5@sha256:f78440dfd95c4509e88855ac7cc2d9566ddf956a92c1290404cac93ad1a1b00a,1482
    pantry-tree:
      sha256: 0a03e697837c4fae43543f3be0fcf9d88157ba637fbd1b656fc8bf79b1656a14
      size: 291
  original:
    hackage: ansi-terminal-types-0.11.5
- completed:
    hackage: parsec-3.1.17.0@sha256:8407cbd428d7f640a0fff8891bd2f7aca13cebe70a5e654856f8abec9a648b56,5149
    pantry-tree:
      sha256: 0922d72bd7115bbb590757bd92a827021dfe745ed6c0cd22856f767bee83d91f
      size: 2810
  original:
    hackage: parsec-3.1.17.0
- completed:
    hackage: containers-0.6.8@sha256:bb2bec1bbc6b39a7c97cd95e056a5698ec45beb5d8feb6caae12af64e4bd823c,2670
    pantry-tree:
      sha256: 62d0b7f21a9f298867bbf0acae201d1fe4e32d309b4085a52c037eb551852811
      size: 2954
  original:
    hackage: containers-0.6.8
- completed:
    hackage: mtl-2.3.1@sha256:5377696d7315e2ef31a8d15d67b22d733c20cac2caf8b26756ff8524c8217e6d,1868
    pantry-tree:
      sha256: ac3cf1dc9ef397512d4bf8f2c3fbe4d64fb8aabd253288b34bf86c09ae234d4f
      size: 1853
  original:
    hackage: mtl-2.3.1
snapshots:
- completed:
    sha256: dd89d2322cb5af74c6ab9d96c0c5f6c8e6653e0c991d619b4bb141a49cb98668
    size: 679282
    url: https://raw.githubusercontent.com/commercialhaskell/stackage-snapshots/master/lts/23/3.yaml
  original: lts-23.3
